
Microsoft Visual Studio Solution File, Format Version 12.00
# Visual Studio 15
Project("{FAE04EC0-301F-11D3-BF4B-00C04F79EFBC}") = "Assembly-CSharp", "Assembly-CSharp.csproj", "{A5185F78-042F-1D2D-4FBC-C1E6D6C6F2DA}"
EndProject
Project("{FAE04EC0-301F-11D3-BF4B-00C04F79EFBC}") = "Assembly-CSharp-Editor", "Assembly-CSharp-Editor.csproj", "{873903C7-143F-7C6D-A655-67C2F3AB7AE5}"
EndProject
Project("{FAE04EC0-301F-11D3-BF4B-00C04F79EFBC}") = "URPWizard", "URPWizard.csproj", "{A3F05634-8C71-4314-9182-0FE82F128507}"
EndProject
Global
	GlobalSection(SolutionConfigurationPlatforms) = preSolution
		Debug|Any CPU = Debug|Any CPU
		Release|Any CPU = Release|Any CPU
	EndGlobalSection
	GlobalSection(ProjectConfigurationPlatforms) = postSolution
		{A5185F78-042F-1D2D-4FBC-C1E6D6C6F2DA}.Debug|Any CPU.ActiveCfg = Debug|Any CPU
		{A5185F78-042F-1D2D-4FBC-C1E6D6C6F2DA}.Debug|Any CPU.Build.0 = Debug|Any CPU
		{A5185F78-042F-1D2D-4FBC-C1E6D6C6F2DA}.Release|Any CPU.ActiveCfg = Release|Any CPU
		{A5185F78-042F-1D2D-4FBC-C1E6D6C6F2DA}.Release|Any CPU.Build.0 = Release|Any CPU
		{873903C7-143F-7C6D-A655-67C2F3AB7AE5}.Debug|Any CPU.ActiveCfg = Debug|Any CPU
		{873903C7-143F-7C6D-A655-67C2F3AB7AE5}.Debug|Any CPU.Build.0 = Debug|Any CPU
		{873903C7-143F-7C6D-A655-67C2F3AB7AE5}.Release|Any CPU.ActiveCfg = Release|Any CPU
		{873903C7-143F-7C6D-A655-67C2F3AB7AE5}.Release|Any CPU.Build.0 = Release|Any CPU
		{A3F05634-8C71-4314-9182-0FE82F128507}.Debug|Any CPU.ActiveCfg = Debug|Any CPU
		{A3F05634-8C71-4314-9182-0FE82F128507}.Debug|Any CPU.Build.0 = Debug|Any CPU
		{A3F05634-8C71-4314-9182-0FE82F128507}.Release|Any CPU.ActiveCfg = Release|Any CPU
		{A3F05634-8C71-4314-9182-0FE82F128507}.Release|Any CPU.Build.0 = Release|Any CPU
	EndGlobalSection
	GlobalSection(SolutionProperties) = preSolution
		HideSolutionNode = FALSE
	EndGlobalSection
EndGlobal
